// !$*UTF8*$!
{
	archiveVersion = 1;
	classes = {
	};
	objectVersion = 48;
	objects = {

/* Begin PBXBuildFile section */
		CE0A539C1FC94BF900F315B4 /* TransitionOriginController.swift in Sources */ = {isa = PBXBuildFile; fileRef = CE0A539B1FC94BF900F315B4 /* TransitionOriginController.swift */; };
		CE0A539E1FC94C1000F315B4 /* TransitionDestinationController.swift in Sources */ = {isa = PBXBuildFile; fileRef = CE0A539D1FC94C1000F315B4 /* TransitionDestinationController.swift */; };
		CE0A53A01FC94C4D00F315B4 /* Transition.storyboard in Resources */ = {isa = PBXBuildFile; fileRef = CE0A539F1FC94C4D00F315B4 /* Transition.storyboard */; };
		CE0A53A31FC94D8A00F315B4 /* ModalTransitioningDelegate.swift in Sources */ = {isa = PBXBuildFile; fileRef = CE0A53A21FC94D8A00F315B4 /* ModalTransitioningDelegate.swift */; };
		CE37A8561FD4271E00E697D6 /* InfinityView.swift in Sources */ = {isa = PBXBuildFile; fileRef = CE37A8551FD4271E00E697D6 /* InfinityView.swift */; };
		CE37A8581FD427BB00E697D6 /* InfinityRefreshControl.swift in Sources */ = {isa = PBXBuildFile; fileRef = CE37A8571FD427BB00E697D6 /* InfinityRefreshControl.swift */; };
		CEA19FB81FC89171005340C8 /* CoreAnimationKeyframeController.swift in Sources */ = {isa = PBXBuildFile; fileRef = CEA19FB71FC89171005340C8 /* CoreAnimationKeyframeController.swift */; };
		CEA19FBA1FC89228005340C8 /* CoreAnimation.storyboard in Resources */ = {isa = PBXBuildFile; fileRef = CEA19FB91FC89228005340C8 /* CoreAnimation.storyboard */; };
		CEA19FBE1FC8B01E005340C8 /* CoreAnimationReplicationLayerController.swift in Sources */ = {isa = PBXBuildFile; fileRef = CEA19FBD1FC8B01E005340C8 /* CoreAnimationReplicationLayerController.swift */; };
		CEAF431C1FC8709100493497 /* AppDelegate.swift in Sources */ = {isa = PBXBuildFile; fileRef = CEAF431B1FC8709100493497 /* AppDelegate.swift */; };
		CEAF431E1FC8709100493497 /* MasterViewController.swift in Sources */ = {isa = PBXBuildFile; fileRef = CEAF431D1FC8709100493497 /* MasterViewController.swift */; };
		CEAF43201FC8709100493497 /* UIViewAnimationsController.swift in Sources */ = {isa = PBXBuildFile; fileRef = CEAF431F1FC8709100493497 /* UIViewAnimationsController.swift */; };
		CEAF43231FC8709100493497 /* Main.storyboard in Resources */ = {isa = PBXBuildFile; fileRef = CEAF43211FC8709100493497 /* Main.storyboard */; };
		CEAF43251FC8709100493497 /* Assets.xcassets in Resources */ = {isa = PBXBuildFile; fileRef = CEAF43241FC8709100493497 /* Assets.xcassets */; };
		CEAF43281FC8709100493497 /* LaunchScreen.storyboard in Resources */ = {isa = PBXBuildFile; fileRef = CEAF43261FC8709100493497 /* LaunchScreen.storyboard */; };
		CEAF43301FC8770E00493497 /* UIViewPropertyAnimatorController.swift in Sources */ = {isa = PBXBuildFile; fileRef = CEAF432F1FC8770E00493497 /* UIViewPropertyAnimatorController.swift */; };
		CEAF43321FC8786D00493497 /* UIDynamicsController.swift in Sources */ = {isa = PBXBuildFile; fileRef = CEAF43311FC8786D00493497 /* UIDynamicsController.swift */; };
/* End PBXBuildFile section */

/* Begin PBXFileReference section */
		CE0A539B1FC94BF900F315B4 /* TransitionOriginController.swift */ = {isa = PBXFileReference; lastKnownFileType = sourcecode.swift; path = TransitionOriginController.swift; sourceTree = "<group>"; };
		CE0A539D1FC94C1000F315B4 /* TransitionDestinationController.swift */ = {isa = PBXFileReference; lastKnownFileType = sourcecode.swift; path = TransitionDestinationController.swift; sourceTree = "<group>"; };
		CE0A539F1FC94C4D00F315B4 /* Transition.storyboard */ = {isa = PBXFileReference; lastKnownFileType = file.storyboard; path = Transition.storyboard; sourceTree = "<group>"; };
		CE0A53A21FC94D8A00F315B4 /* ModalTransitioningDelegate.swift */ = {isa = PBXFileReference; lastKnownFileType = sourcecode.swift; path = ModalTransitioningDelegate.swift; sourceTree = "<group>"; };
		CE37A8551FD4271E00E697D6 /* InfinityView.swift */ = {isa = PBXFileReference; lastKnownFileType = sourcecode.swift; path = InfinityView.swift; sourceTree = "<group>"; };
		CE37A8571FD427BB00E697D6 /* InfinityRefreshControl.swift */ = {isa = PBXFileReference; lastKnownFileType = sourcecode.swift; path = InfinityRefreshControl.swift; sourceTree = "<group>"; };
		CEA19FB71FC89171005340C8 /* CoreAnimationKeyframeController.swift */ = {isa = PBXFileReference; lastKnownFileType = sourcecode.swift; path = CoreAnimationKeyframeController.swift; sourceTree = "<group>"; };
		CEA19FB91FC89228005340C8 /* CoreAnimation.storyboard */ = {isa = PBXFileReference; lastKnownFileType = file.storyboard; path = CoreAnimation.storyboard; sourceTree = "<group>"; };
		CEA19FBD1FC8B01E005340C8 /* CoreAnimationReplicationLayerController.swift */ = {isa = PBXFileReference; lastKnownFileType = sourcecode.swift; path = CoreAnimationReplicationLayerController.swift; sourceTree = "<group>"; };
		CEAF43181FC8709100493497 /* Animations.app */ = {isa = PBXFileReference; explicitFileType = wrapper.application; includeInIndex = 0; path = Animations.app; sourceTree = BUILT_PRODUCTS_DIR; };
		CEAF431B1FC8709100493497 /* AppDelegate.swift */ = {isa = PBXFileReference; lastKnownFileType = sourcecode.swift; path = AppDelegate.swift; sourceTree = "<group>"; };
		CEAF431D1FC8709100493497 /* MasterViewController.swift */ = {isa = PBXFileReference; lastKnownFileType = sourcecode.swift; path = MasterViewController.swift; sourceTree = "<group>"; };
		CEAF431F1FC8709100493497 /* UIViewAnimationsController.swift */ = {isa = PBXFileReference; lastKnownFileType = sourcecode.swift; path = UIViewAnimationsController.swift; sourceTree = "<group>"; };
		CEAF43221FC8709100493497 /* Base */ = {isa = PBXFileReference; lastKnownFileType = file.storyboard; name = Base; path = Base.lproj/Main.storyboard; sourceTree = "<group>"; };
		CEAF43241FC8709100493497 /* Assets.xcassets */ = {isa = PBXFileReference; lastKnownFileType = folder.assetcatalog; path = Assets.xcassets; sourceTree = "<group>"; };
		CEAF43271FC8709100493497 /* Base */ = {isa = PBXFileReference; lastKnownFileType = file.storyboard; name = Base; path = Base.lproj/LaunchScreen.storyboard; sourceTree = "<group>"; };
		CEAF43291FC8709100493497 /* Info.plist */ = {isa = PBXFileReference; lastKnownFileType = text.plist.xml; path = Info.plist; sourceTree = "<group>"; };
		CEAF432F1FC8770E00493497 /* UIViewPropertyAnimatorController.swift */ = {isa = PBXFileReference; lastKnownFileType = sourcecode.swift; path = UIViewPropertyAnimatorController.swift; sourceTree = "<group>"; };
		CEAF43311FC8786D00493497 /* UIDynamicsController.swift */ = {isa = PBXFileReference; lastKnownFileType = sourcecode.swift; path = UIDynamicsController.swift; sourceTree = "<group>"; };
/* End PBXFileReference section */

/* Begin PBXFrameworksBuildPhase section */
		CEAF43151FC8709100493497 /* Frameworks */ = {
			isa = PBXFrameworksBuildPhase;
			buildActionMask = 2147483647;
			files = (
			);
			runOnlyForDeploymentPostprocessing = 0;
		};
/* End PBXFrameworksBuildPhase section */

/* Begin PBXGroup section */
		CE0A53A11FC94D2900F315B4 /* TransitioningDelegates */ = {
			isa = PBXGroup;
			children = (
				CE0A53A21FC94D8A00F315B4 /* ModalTransitioningDelegate.swift */,
			);
			path = TransitioningDelegates;
			sourceTree = "<group>";
		};
		CE31D7A81FC8803A00F8648E /* Animations */ = {
			isa = PBXGroup;
			children = (
				CEAF43361FC87D2900493497 /* GUI */,
				CEAF431A1FC8709100493497 /* Others */,
				CEAF43291FC8709100493497 /* Info.plist */,
			);
			path = Animations;
			sourceTree = "<group>";
		};
		CE37A8531FD426FC00E697D6 /* Views */ = {
			isa = PBXGroup;
			children = (
				CE37A8541FD4270500E697D6 /* InfinityRefreshControl */,
			);
			path = Views;
			sourceTree = "<group>";
		};
		CE37A8541FD4270500E697D6 /* InfinityRefreshControl */ = {
			isa = PBXGroup;
			children = (
				CE37A8551FD4271E00E697D6 /* InfinityView.swift */,
				CE37A8571FD427BB00E697D6 /* InfinityRefreshControl.swift */,
			);
			path = InfinityRefreshControl;
			sourceTree = "<group>";
		};
		CEA19FBB1FC89350005340C8 /* Controllers */ = {
			isa = PBXGroup;
			children = (
				CED997D51FD17B5B003168B8 /* UIView Animation */,
				CED997D61FD17B74003168B8 /* UIViewPropertyAnimator */,
				CED997D81FD17BAA003168B8 /* CoreAnimation */,
				CED997D71FD17B9B003168B8 /* UI Dynamics */,
				CED997D91FD17BE4003168B8 /* Modal Transition */,
				CEAF431D1FC8709100493497 /* MasterViewController.swift */,
			);
			path = Controllers;
			sourceTree = "<group>";
		};
		CEAF430F1FC8709100493497 = {
			isa = PBXGroup;
			children = (
				CE31D7A81FC8803A00F8648E /* Animations */,
				CEAF43241FC8709100493497 /* Assets.xcassets */,
				CEAF43191FC8709100493497 /* Products */,
			);
			sourceTree = "<group>";
		};
		CEAF43191FC8709100493497 /* Products */ = {
			isa = PBXGroup;
			children = (
				CEAF43181FC8709100493497 /* Animations.app */,
			);
			name = Products;
			sourceTree = "<group>";
		};
		CEAF431A1FC8709100493497 /* Others */ = {
			isa = PBXGroup;
			children = (
				CEAF431B1FC8709100493497 /* AppDelegate.swift */,
			);
			path = Others;
			sourceTree = "<group>";
		};
		CEAF43351FC87D1200493497 /* Storyboards */ = {
			isa = PBXGroup;
			children = (
				CEAF43261FC8709100493497 /* LaunchScreen.storyboard */,
				CEAF43211FC8709100493497 /* Main.storyboard */,
				CEA19FB91FC89228005340C8 /* CoreAnimation.storyboard */,
				CE0A539F1FC94C4D00F315B4 /* Transition.storyboard */,
			);
			path = Storyboards;
			sourceTree = "<group>";
		};
		CEAF43361FC87D2900493497 /* GUI */ = {
			isa = PBXGroup;
			children = (
				CE37A8531FD426FC00E697D6 /* Views */,
				CEAF43351FC87D1200493497 /* Storyboards */,
				CEA19FBB1FC89350005340C8 /* Controllers */,
			);
			path = GUI;
			sourceTree = "<group>";
		};
		CED997D51FD17B5B003168B8 /* UIView Animation */ = {
			isa = PBXGroup;
			children = (
				CEAF431F1FC8709100493497 /* UIViewAnimationsController.swift */,
			);
			path = "UIView Animation";
			sourceTree = "<group>";
		};
		CED997D61FD17B74003168B8 /* UIViewPropertyAnimator */ = {
			isa = PBXGroup;
			children = (
				CEAF432F1FC8770E00493497 /* UIViewPropertyAnimatorController.swift */,
			);
			path = UIViewPropertyAnimator;
			sourceTree = "<group>";
		};
		CED997D71FD17B9B003168B8 /* UI Dynamics */ = {
			isa = PBXGroup;
			children = (
				CEAF43311FC8786D00493497 /* UIDynamicsController.swift */,
			);
			path = "UI Dynamics";
			sourceTree = "<group>";
		};
		CED997D81FD17BAA003168B8 /* CoreAnimation */ = {
			isa = PBXGroup;
			children = (
				CEA19FB71FC89171005340C8 /* CoreAnimationKeyframeController.swift */,
				CEA19FBD1FC8B01E005340C8 /* CoreAnimationReplicationLayerController.swift */,
			);
			path = CoreAnimation;
			sourceTree = "<group>";
		};
		CED997D91FD17BE4003168B8 /* Modal Transition */ = {
			isa = PBXGroup;
			children = (
				CE0A53A11FC94D2900F315B4 /* TransitioningDelegates */,
				CE0A539B1FC94BF900F315B4 /* TransitionOriginController.swift */,
				CE0A539D1FC94C1000F315B4 /* TransitionDestinationController.swift */,
			);
			path = "Modal Transition";
			sourceTree = "<group>";
		};
/* End PBXGroup section */

/* Begin PBXNativeTarget section */
		CEAF43171FC8709100493497 /* Animations */ = {
			isa = PBXNativeTarget;
			buildConfigurationList = CEAF432C1FC8709100493497 /* Build configuration list for PBXNativeTarget "Animations" */;
			buildPhases = (
				CEAF43141FC8709100493497 /* Sources */,
				CEAF43151FC8709100493497 /* Frameworks */,
				CEAF43161FC8709100493497 /* Resources */,
			);
			buildRules = (
			);
			dependencies = (
			);
			name = Animations;
			productName = Animations;
			productReference = CEAF43181FC8709100493497 /* Animations.app */;
			productType = "com.apple.product-type.application";
		};
/* End PBXNativeTarget section */

/* Begin PBXProject section */
		CEAF43101FC8709100493497 /* Project object */ = {
			isa = PBXProject;
			attributes = {
				LastSwiftUpdateCheck = 0910;
				LastUpgradeCheck = 0910;
				ORGANIZATIONNAME = "Ilian Konchev";
				TargetAttributes = {
					CEAF43171FC8709100493497 = {
						CreatedOnToolsVersion = 9.1;
						ProvisioningStyle = Automatic;
					};
				};
			};
			buildConfigurationList = CEAF43131FC8709100493497 /* Build configuration list for PBXProject "Animations" */;
			compatibilityVersion = "Xcode 8.0";
			developmentRegion = en;
			hasScannedForEncodings = 0;
			knownRegions = (
				en,
				Base,
			);
			mainGroup = CEAF430F1FC8709100493497;
			productRefGroup = CEAF43191FC8709100493497 /* Products */;
			projectDirPath = "";
			projectRoot = "";
			targets = (
				CEAF43171FC8709100493497 /* Animations */,
			);
		};
/* End PBXProject section */

/* Begin PBXResourcesBuildPhase section */
		CEAF43161FC8709100493497 /* Resources */ = {
			isa = PBXResourcesBuildPhase;
			buildActionMask = 2147483647;
			files = (
				CEAF43281FC8709100493497 /* LaunchScreen.storyboard in Resources */,
				CE0A53A01FC94C4D00F315B4 /* Transition.storyboard in Resources */,
				CEAF43251FC8709100493497 /* Assets.xcassets in Resources */,
				CEAF43231FC8709100493497 /* Main.storyboard in Resources */,
				CEA19FBA1FC89228005340C8 /* CoreAnimation.storyboard in Resources */,
			);
			runOnlyForDeploymentPostprocessing = 0;
		};
/* End PBXResourcesBuildPhase section */

/* Begin PBXSourcesBuildPhase section */
		CEAF43141FC8709100493497 /* Sources */ = {
			isa = PBXSourcesBuildPhase;
			buildActionMask = 2147483647;
			files = (
				CE0A539C1FC94BF900F315B4 /* TransitionOriginController.swift in Sources */,
				CE0A539E1FC94C1000F315B4 /* TransitionDestinationController.swift in Sources */,
				CEA19FB81FC89171005340C8 /* CoreAnimationKeyframeController.swift in Sources */,
				CE37A8561FD4271E00E697D6 /* InfinityView.swift in Sources */,
				CE37A8581FD427BB00E697D6 /* InfinityRefreshControl.swift in Sources */,
				CEAF43321FC8786D00493497 /* UIDynamicsController.swift in Sources */,
				CEA19FBE1FC8B01E005340C8 /* CoreAnimationReplicationLayerController.swift in Sources */,
				CEAF43201FC8709100493497 /* UIViewAnimationsController.swift in Sources */,
				CEAF431E1FC8709100493497 /* MasterViewController.swift in Sources */,
				CE0A53A31FC94D8A00F315B4 /* ModalTransitioningDelegate.swift in Sources */,
				CEAF43301FC8770E00493497 /* UIViewPropertyAnimatorController.swift in Sources */,
				CEAF431C1FC8709100493497 /* AppDelegate.swift in Sources */,
			);
			runOnlyForDeploymentPostprocessing = 0;
		};
/* End PBXSourcesBuildPhase section */

/* Begin PBXVariantGroup section */
		CEAF43211FC8709100493497 /* Main.storyboard */ = {
			isa = PBXVariantGroup;
			children = (
				CEAF43221FC8709100493497 /* Base */,
			);
			name = Main.storyboard;
			sourceTree = "<group>";
		};
		CEAF43261FC8709100493497 /* LaunchScreen.storyboard */ = {
			isa = PBXVariantGroup;
			children = (
				CEAF43271FC8709100493497 /* Base */,
			);
			name = LaunchScreen.storyboard;
			sourceTree = "<group>";
		};
/* End PBXVariantGroup section */

/* Begin XCBuildConfiguration section */
		CEAF432A1FC8709100493497 /* Debug */ = {
			isa = XCBuildConfiguration;
			buildSettings = {
				ALWAYS_SEARCH_USER_PATHS = NO;
				CLANG_ANALYZER_NONNULL = YES;
				CLANG_ANALYZER_NUMBER_OBJECT_CONVERSION = YES_AGGRESSIVE;
				CLANG_CXX_LANGUAGE_STANDARD = "gnu++14";
				CLANG_CXX_LIBRARY = "libc++";
				CLANG_ENABLE_MODULES = YES;
				CLANG_ENABLE_OBJC_ARC = YES;
				CLANG_WARN_BLOCK_CAPTURE_AUTORELEASING = YES;
				CLANG_WARN_BOOL_CONVERSION = YES;
				CLANG_WARN_COMMA = YES;
				CLANG_WARN_CONSTANT_CONVERSION = YES;
				CLANG_WARN_DIRECT_OBJC_ISA_USAGE = YES_ERROR;
				CLANG_WARN_DOCUMENTATION_COMMENTS = YES;
				CLANG_WARN_EMPTY_BODY = YES;
				CLANG_WARN_ENUM_CONVERSION = YES;
				CLANG_WARN_INFINITE_RECURSION = YES;
				CLANG_WARN_INT_CONVERSION = YES;
				CLANG_WARN_NON_LITERAL_NULL_CONVERSION = YES;
				CLANG_WARN_OBJC_LITERAL_CONVERSION = YES;
				CLANG_WARN_OBJC_ROOT_CLASS = YES_ERROR;
				CLANG_WARN_RANGE_LOOP_ANALYSIS = YES;
				CLANG_WARN_STRICT_PROTOTYPES = YES;
				CLANG_WARN_SUSPICIOUS_MOVE = YES;
				CLANG_WARN_UNGUARDED_AVAILABILITY = YES_AGGRESSIVE;
				CLANG_WARN_UNREACHABLE_CODE = YES;
				CLANG_WARN__DUPLICATE_METHOD_MATCH = YES;
				CODE_SIGN_IDENTITY = "iPhone Developer";
				COPY_PHASE_STRIP = NO;
				DEBUG_INFORMATION_FORMAT = dwarf;
				ENABLE_STRICT_OBJC_MSGSEND = YES;
				ENABLE_TESTABILITY = YES;
				GCC_C_LANGUAGE_STANDARD = gnu11;
				GCC_DYNAMIC_NO_PIC = NO;
				GCC_NO_COMMON_BLOCKS = YES;
				GCC_OPTIMIZATION_LEVEL = 0;
				GCC_PREPROCESSOR_DEFINITIONS = (
					"DEBUG=1",
					"$(inherited)",
				);
				GCC_WARN_64_TO_32_BIT_CONVERSION = YES;
				GCC_WARN_ABOUT_RETURN_TYPE = YES_ERROR;
				GCC_WARN_UNDECLARED_SELECTOR = YES;
				GCC_WARN_UNINITIALIZED_AUTOS = YES_AGGRESSIVE;
				GCC_WARN_UNUSED_FUNCTION = YES;
				GCC_WARN_UNUSED_VARIABLE = YES;
				IPHONEOS_DEPLOYMENT_TARGET = 11.1;
				MTL_ENABLE_DEBUG_INFO = YES;
				ONLY_ACTIVE_ARCH = YES;
				SDKROOT = iphoneos;
				SWIFT_ACTIVE_COMPILATION_CONDITIONS = DEBUG;
				SWIFT_OPTIMIZATION_LEVEL = "-Onone";
			};
			name = Debug;
		};
		CEAF432B1FC8709100493497 /* Release */ = {
			isa = XCBuildConfiguration;
			buildSettings = {
				ALWAYS_SEARCH_USER_PATHS = NO;
				CLANG_ANALYZER_NONNULL = YES;
				CLANG_ANALYZER_NUMBER_OBJECT_CONVERSION = YES_AGGRESSIVE;
				CLANG_CXX_LANGUAGE_STANDARD = "gnu++14";
				CLANG_CXX_LIBRARY = "libc++";
				CLANG_ENABLE_MODULES = YES;
				CLANG_ENABLE_OBJC_ARC = YES;
				CLANG_WARN_BLOCK_CAPTURE_AUTORELEASING = YES;
				CLANG_WARN_BOOL_CONVERSION = YES;
				CLANG_WARN_COMMA = YES;
				CLANG_WARN_CONSTANT_CONVERSION = YES;
				CLANG_WARN_DIRECT_OBJC_ISA_USAGE = YES_ERROR;
				CLANG_WARN_DOCUMENTATION_COMMENTS = YES;
				CLANG_WARN_EMPTY_BODY = YES;
				CLANG_WARN_ENUM_CONVERSION = YES;
				CLANG_WARN_INFINITE_RECURSION = YES;
				CLANG_WARN_INT_CONVERSION = YES;
				CLANG_WARN_NON_LITERAL_NULL_CONVERSION = YES;
				CLANG_WARN_OBJC_LITERAL_CONVERSION = YES;
				CLANG_WARN_OBJC_ROOT_CLASS = YES_ERROR;
				CLANG_WARN_RANGE_LOOP_ANALYSIS = YES;
				CLANG_WARN_STRICT_PROTOTYPES = YES;
				CLANG_WARN_SUSPICIOUS_MOVE = YES;
				CLANG_WARN_UNGUARDED_AVAILABILITY = YES_AGGRESSIVE;
				CLANG_WARN_UNREACHABLE_CODE = YES;
				CLANG_WARN__DUPLICATE_METHOD_MATCH = YES;
				CODE_SIGN_IDENTITY = "iPhone Developer";
				COPY_PHASE_STRIP = NO;
				DEBUG_INFORMATION_FORMAT = "dwarf-with-dsym";
				ENABLE_NS_ASSERTIONS = NO;
				ENABLE_STRICT_OBJC_MSGSEND = YES;
				GCC_C_LANGUAGE_STANDARD = gnu11;
				GCC_NO_COMMON_BLOCKS = YES;
				GCC_WARN_64_TO_32_BIT_CONVERSION = YES;
				GCC_WARN_ABOUT_RETURN_TYPE = YES_ERROR;
				GCC_WARN_UNDECLARED_SELECTOR = YES;
				GCC_WARN_UNINITIALIZED_AUTOS = YES_AGGRESSIVE;
				GCC_WARN_UNUSED_FUNCTION = YES;
				GCC_WARN_UNUSED_VARIABLE = YES;
				IPHONEOS_DEPLOYMENT_TARGET = 11.1;
				MTL_ENABLE_DEBUG_INFO = NO;
				SDKROOT = iphoneos;
				SWIFT_OPTIMIZATION_LEVEL = "-Owholemodule";
				VALIDATE_PRODUCT = YES;
			};
			name = Release;
		};
		CEAF432D1FC8709100493497 /* Debug */ = {
			isa = XCBuildConfiguration;
			buildSettings = {
				ASSETCATALOG_COMPILER_APPICON_NAME = AppIcon;
				CODE_SIGN_STYLE = Automatic;
				DEVELOPMENT_TEAM = 5KLV3M3ZXD;
				INFOPLIST_FILE = Animations/Info.plist;
				LD_RUNPATH_SEARCH_PATHS = "$(inherited) @executable_path/Frameworks";
				PRODUCT_BUNDLE_IDENTIFIER = DevBG.Animations;
				PRODUCT_NAME = "$(TARGET_NAME)";
				SWIFT_VERSION = 4.0;
				TARGETED_DEVICE_FAMILY = "1,2";
			};
			name = Debug;
		};
		CEAF432E1FC8709100493497 /* Release */ = {
			isa = XCBuildConfiguration;
			buildSettings = {
				ASSETCATALOG_COMPILER_APPICON_NAME = AppIcon;
				CODE_SIGN_STYLE = Automatic;
				DEVELOPMENT_TEAM = 5KLV3M3ZXD;
				INFOPLIST_FILE = Animations/Info.plist;
				LD_RUNPATH_SEARCH_PATHS = "$(inherited) @executable_path/Frameworks";
				PRODUCT_BUNDLE_IDENTIFIER = DevBG.Animations;
				PRODUCT_NAME = "$(TARGET_NAME)";
				SWIFT_VERSION = 4.0;
				TARGETED_DEVICE_FAMILY = "1,2";
			};
			name = Release;
		};
/* End XCBuildConfiguration section */

/* Begin XCConfigurationList section */
		CEAF43131FC8709100493497 /* Build configuration list for PBXProject "Animations" */ = {
			isa = XCConfigurationList;
			buildConfigurations = (
				CEAF432A1FC8709100493497 /* Debug */,
				CEAF432B1FC8709100493497 /* Release */,
			);
			defaultConfigurationIsVisible = 0;
			defaultConfigurationName = Release;
		};
		CEAF432C1FC8709100493497 /* Build configuration list for PBXNativeTarget "Animations" */ = {
			isa = XCConfigurationList;
			buildConfigurations = (
				CEAF432D1FC8709100493497 /* Debug */,
				CEAF432E1FC8709100493497 /* Release */,
			);
			defaultConfigurationIsVisible = 0;
			defaultConfigurationName = Release;
		};
/* End XCConfigurationList section */
	};
	rootObject = CEAF43101FC8709100493497 /* Project object */;
}
